
Microsoft Visual Studio Solution File, Format Version 12.00
# Visual Studio Version 17
VisualStudioVersion = 17.0.31903.59
MinimumVisualStudioVersion = 10.0.40219.1
Project("{F2A71F9B-5D33-465A-A702-920D77279786}") = "Scrapper.Api", "Scrapper.Api\Scrapper.Api.fsproj", "{34B718E7-97CE-4538-9260-371A748668B7}"
EndProject
Project("{F2A71F9B-5D33-465A-A702-920D77279786}") = "Scrapper.Web", "Scrapper.Web\Scrapper.Web.fsproj", "{C8D1BAED-18FD-47D2-BEBF-5A1DC01B0F12}"
EndProject
Project("{F2A71F9B-5D33-465A-A702-920D77279786}") = "Scrapper.Giraffe.Api", "Scrapper.Giraffe.Api\Scrapper.Giraffe.Api.fsproj", "{3BDF688B-925F-4576-9A6E-FC3A97A0205B}"
EndProject
Global
	GlobalSection(SolutionConfigurationPlatforms) = preSolution
		Debug|Any CPU = Debug|Any CPU
		Release|Any CPU = Release|Any CPU
	EndGlobalSection
	GlobalSection(SolutionProperties) = preSolution
		HideSolutionNode = FALSE
	EndGlobalSection
	GlobalSection(ProjectConfigurationPlatforms) = postSolution
		{34B718E7-97CE-4538-9260-371A748668B7}.Debug|Any CPU.ActiveCfg = Debug|Any CPU
		{34B718E7-97CE-4538-9260-371A748668B7}.Debug|Any CPU.Build.0 = Debug|Any CPU
		{34B718E7-97CE-4538-9260-371A748668B7}.Release|Any CPU.ActiveCfg = Release|Any CPU
		{34B718E7-97CE-4538-9260-371A748668B7}.Release|Any CPU.Build.0 = Release|Any CPU
		{C8D1BAED-18FD-47D2-BEBF-5A1DC01B0F12}.Debug|Any CPU.ActiveCfg = Debug|Any CPU
		{C8D1BAED-18FD-47D2-BEBF-5A1DC01B0F12}.Debug|Any CPU.Build.0 = Debug|Any CPU
		{C8D1BAED-18FD-47D2-BEBF-5A1DC01B0F12}.Release|Any CPU.ActiveCfg = Release|Any CPU
		{C8D1BAED-18FD-47D2-BEBF-5A1DC01B0F12}.Release|Any CPU.Build.0 = Release|Any CPU
		{3BDF688B-925F-4576-9A6E-FC3A97A0205B}.Debug|Any CPU.ActiveCfg = Debug|Any CPU
		{3BDF688B-925F-4576-9A6E-FC3A97A0205B}.Debug|Any CPU.Build.0 = Debug|Any CPU
		{3BDF688B-925F-4576-9A6E-FC3A97A0205B}.Release|Any CPU.ActiveCfg = Release|Any CPU
		{3BDF688B-925F-4576-9A6E-FC3A97A0205B}.Release|Any CPU.Build.0 = Release|Any CPU
	EndGlobalSection
EndGlobal
